// !$*UTF8*$!
{
	archiveVersion = 1;
	classes = {
	};
	objectVersion = 46;
	objects = {

/* Begin PBXBuildFile section */
		6B722C651BF4669600B746F5 /* PersonCell.swift in Sources */ = {isa = PBXBuildFile; fileRef = 6B722C641BF4669600B746F5 /* PersonCell.swift */; };
		6B722C671BF4F2F900B746F5 /* Person.swift in Sources */ = {isa = PBXBuildFile; fileRef = 6B722C661BF4F2F900B746F5 /* Person.swift */; };
		6BBE76241BF45F7800F28180 /* AppDelegate.swift in Sources */ = {isa = PBXBuildFile; fileRef = 6BBE76231BF45F7800F28180 /* AppDelegate.swift */; };
		6BBE76261BF45F7800F28180 /* ViewController.swift in Sources */ = {isa = PBXBuildFile; fileRef = 6BBE76251BF45F7800F28180 /* ViewController.swift */; };
		6BBE76291BF45F7800F28180 /* Main.storyboard in Resources */ = {isa = PBXBuildFile; fileRef = 6BBE76271BF45F7800F28180 /* Main.storyboard */; };
		6BBE762B1BF45F7800F28180 /* Assets.xcassets in Resources */ = {isa = PBXBuildFile; fileRef = 6BBE762A1BF45F7800F28180 /* Assets.xcassets */; };
		6BBE762E1BF45F7800F28180 /* LaunchScreen.storyboard in Resources */ = {isa = PBXBuildFile; fileRef = 6BBE762C1BF45F7800F28180 /* LaunchScreen.storyboard */; };
/* End PBXBuildFile section */

/* Begin PBXFileReference section */
		6B722C641BF4669600B746F5 /* PersonCell.swift */ = {isa = PBXFileReference; fileEncoding = 4; lastKnownFileType = sourcecode.swift; path = PersonCell.swift; sourceTree = "<group>"; };
		6B722C661BF4F2F900B746F5 /* Person.swift */ = {isa = PBXFileReference; fileEncoding = 4; lastKnownFileType = sourcecode.swift; path = Person.swift; sourceTree = "<group>"; };
		6BBE76201BF45F7800F28180 /* project10-oisin.app */ = {isa = PBXFileReference; explicitFileType = wrapper.application; includeInIndex = 0; path = "project10-oisin.app"; sourceTree = BUILT_PRODUCTS_DIR; };
		6BBE76231BF45F7800F28180 /* AppDelegate.swift */ = {isa = PBXFileReference; lastKnownFileType = sourcecode.swift; path = AppDelegate.swift; sourceTree = "<group>"; };
		6BBE76251BF45F7800F28180 /* ViewController.swift */ = {isa = PBXFileReference; lastKnownFileType = sourcecode.swift; path = ViewController.swift; sourceTree = "<group>"; };
		6BBE76281BF45F7800F28180 /* Base */ = {isa = PBXFileReference; lastKnownFileType = file.storyboard; name = Base; path = Base.lproj/Main.storyboard; sourceTree = "<group>"; };
		6BBE762A1BF45F7800F28180 /* Assets.xcassets */ = {isa = PBXFileReference; lastKnownFileType = folder.assetcatalog; path = Assets.xcassets; sourceTree = "<group>"; };
		6BBE762D1BF45F7800F28180 /* Base */ = {isa = PBXFileReference; lastKnownFileType = file.storyboard; name = Base; path = Base.lproj/LaunchScreen.storyboard; sourceTree = "<group>"; };
		6BBE762F1BF45F7800F28180 /* Info.plist */ = {isa = PBXFileReference; lastKnownFileType = text.plist.xml; path = Info.plist; sourceTree = "<group>"; };
/* End PBXFileReference section */

/* Begin PBXFrameworksBuildPhase section */
		6BBE761D1BF45F7800F28180 /* Frameworks */ = {
			isa = PBXFrameworksBuildPhase;
			buildActionMask = 2147483647;
			files = (
			);
			runOnlyForDeploymentPostprocessing = 0;
		};
/* End PBXFrameworksBuildPhase section */

/* Begin PBXGroup section */
		6BBE76171BF45F7800F28180 = {
			isa = PBXGroup;
			children = (
				6BBE76221BF45F7800F28180 /* project10-oisin */,
				6BBE76211BF45F7800F28180 /* Products */,
			);
			sourceTree = "<group>";
		};
		6BBE76211BF45F7800F28180 /* Products */ = {
			isa = PBXGroup;
			children = (
				6BBE76201BF45F7800F28180 /* project10-oisin.app */,
			);
			name = Products;
			sourceTree = "<group>";
		};
		6BBE76221BF45F7800F28180 /* project10-oisin */ = {
			isa = PBXGroup;
			children = (
				6BBE76231BF45F7800F28180 /* AppDelegate.swift */,
				6B722C661BF4F2F900B746F5 /* Person.swift */,
				6BBE76251BF45F7800F28180 /* ViewController.swift */,
				6BBE76271BF45F7800F28180 /* Main.storyboard */,
				6BBE762A1BF45F7800F28180 /* Assets.xcassets */,
				6BBE762C1BF45F7800F28180 /* LaunchScreen.storyboard */,
				6BBE762F1BF45F7800F28180 /* Info.plist */,
				6B722C641BF4669600B746F5 /* PersonCell.swift */,
			);
			path = "project10-oisin";
			sourceTree = "<group>";
		};
/* End PBXGroup section */

/* Begin PBXNativeTarget section */
		6BBE761F1BF45F7800F28180 /* project10-oisin */ = {
			isa = PBXNativeTarget;
			buildConfigurationList = 6BBE76321BF45F7800F28180 /* Build configuration list for PBXNativeTarget "project10-oisin" */;
			buildPhases = (
				6BBE761C1BF45F7800F28180 /* Sources */,
				6BBE761D1BF45F7800F28180 /* Frameworks */,
				6BBE761E1BF45F7800F28180 /* Resources */,
			);
			buildRules = (
			);
			dependencies = (
			);
			name = "project10-oisin";
			productName = "project10-oisin";
			productReference = 6BBE76201BF45F7800F28180 /* project10-oisin.app */;
			productType = "com.apple.product-type.application";
		};
/* End PBXNativeTarget section */

/* Begin PBXProject section */
		6BBE76181BF45F7800F28180 /* Project object */ = {
			isa = PBXProject;
			attributes = {
				LastSwiftUpdateCheck = 0710;
				LastUpgradeCheck = 0710;
				ORGANIZATIONNAME = "Oisín Lavery";
				TargetAttributes = {
					6BBE761F1BF45F7800F28180 = {
						CreatedOnToolsVersion = 7.1.1;
					};
				};
			};
			buildConfigurationList = 6BBE761B1BF45F7800F28180 /* Build configuration list for PBXProject "project10-oisin" */;
			compatibilityVersion = "Xcode 3.2";
			developmentRegion = English;
			hasScannedForEncodings = 0;
			knownRegions = (
				en,
				Base,
			);
			mainGroup = 6BBE76171BF45F7800F28180;
			productRefGroup = 6BBE76211BF45F7800F28180 /* Products */;
			projectDirPath = "";
			projectRoot = "";
			targets = (
				6BBE761F1BF45F7800F28180 /* project10-oisin */,
			);
		};
/* End PBXProject section */

/* Begin PBXResourcesBuildPhase section */
		6BBE761E1BF45F7800F28180 /* Resources */ = {
			isa = PBXResourcesBuildPhase;
			buildActionMask = 2147483647;
			files = (
				6BBE762E1BF45F7800F28180 /* LaunchScreen.storyboard in Resources */,
				6BBE762B1BF45F7800F28180 /* Assets.xcassets in Resources */,
				6BBE76291BF45F7800F28180 /* Main.storyboard in Resources */,
			);
			runOnlyForDeploymentPostprocessing = 0;
		};
/* End PBXResourcesBuildPhase section */

/* Begin PBXSourcesBuildPhase section */
		6BBE761C1BF45F7800F28180 /* Sources */ = {
			isa = PBXSourcesBuildPhase;
			buildActionMask = 2147483647;
			files = (
				6B722C651BF4669600B746F5 /* PersonCell.swift in Sources */,
				6BBE76261BF45F7800F28180 /* ViewController.swift in Sources */,
				6B722C671BF4F2F900B746F5 /* Person.swift in Sources */,
				6BBE76241BF45F7800F28180 /* AppDelegate.swift in Sources */,
			);
			runOnlyForDeploymentPostprocessing = 0;
		};
/* End PBXSourcesBuildPhase section */

/* Begin PBXVariantGroup section */
		6BBE76271BF45F7800F28180 /* Main.storyboard */ = {
			isa = PBXVariantGroup;
			children = (
				6BBE76281BF45F7800F28180 /* Base */,
			);
			name = Main.storyboard;
			sourceTree = "<group>";
		};
		6BBE762C1BF45F7800F28180 /* LaunchScreen.storyboard */ = {
			isa = PBXVariantGroup;
			children = (
				6BBE762D1BF45F7800F28180 /* Base */,
			);
			name = LaunchScreen.storyboard;
			sourceTree = "<group>";
		};
/* End PBXVariantGroup section */

/* Begin XCBuildConfiguration section */
		6BBE76301BF45F7800F28180 /* Debug */ = {
			isa = XCBuildConfiguration;
			buildSettings = {
				ALWAYS_SEARCH_USER_PATHS = NO;
				CLANG_CXX_LANGUAGE_STANDARD = "gnu++0x";
				CLANG_CXX_LIBRARY = "libc++";
				CLANG_ENABLE_MODULES = YES;
				CLANG_ENABLE_OBJC_ARC = YES;
				CLANG_WARN_BOOL_CONVERSION = YES;
				CLANG_WARN_CONSTANT_CONVERSION = YES;
				CLANG_WARN_DIRECT_OBJC_ISA_USAGE = YES_ERROR;
				CLANG_WARN_EMPTY_BODY = YES;
				CLANG_WARN_ENUM_CONVERSION = YES;
				CLANG_WARN_INT_CONVERSION = YES;
				CLANG_WARN_OBJC_ROOT_CLASS = YES_ERROR;
				CLANG_WARN_UNREACHABLE_CODE = YES;
				CLANG_WARN__DUPLICATE_METHOD_MATCH = YES;
				"CODE_SIGN_IDENTITY[sdk=iphoneos*]" = "iPhone Developer";
				COPY_PHASE_STRIP = NO;
				DEBUG_INFORMATION_FORMAT = dwarf;
				ENABLE_STRICT_OBJC_MSGSEND = YES;
				ENABLE_TESTABILITY = YES;
				GCC_C_LANGUAGE_STANDARD = gnu99;
				GCC_DYNAMIC_NO_PIC = NO;
				GCC_NO_COMMON_BLOCKS = YES;
				GCC_OPTIMIZATION_LEVEL = 0;
				GCC_PREPROCESSOR_DEFINITIONS = (
					"DEBUG=1",
					"$(inherited)",
				);
				GCC_WARN_64_TO_32_BIT_CONVERSION = YES;
				GCC_WARN_ABOUT_RETURN_TYPE = YES_ERROR;
				GCC_WARN_UNDECLARED_SELECTOR = YES;
				GCC_WARN_UNINITIALIZED_AUTOS = YES_AGGRESSIVE;
				GCC_WARN_UNUSED_FUNCTION = YES;
				GCC_WARN_UNUSED_VARIABLE = YES;
				IPHONEOS_DEPLOYMENT_TARGET = 9.1;
				MTL_ENABLE_DEBUG_INFO = YES;
				ONLY_ACTIVE_ARCH = YES;
				SDKROOT = iphoneos;
				SWIFT_OPTIMIZATION_LEVEL = "-Onone";
			};
			name = Debug;
		};
		6BBE76311BF45F7800F28180 /* Release */ = {
			isa = XCBuildConfiguration;
			buildSettings = {
				ALWAYS_SEARCH_USER_PATHS = NO;
				CLANG_CXX_LANGUAGE_STANDARD = "gnu++0x";
				CLANG_CXX_LIBRARY = "libc++";
				CLANG_ENABLE_MODULES = YES;
				CLANG_ENABLE_OBJC_ARC = YES;
				CLANG_WARN_BOOL_CONVERSION = YES;
				CLANG_WARN_CONSTANT_CONVERSION = YES;
				CLANG_WARN_DIRECT_OBJC_ISA_USAGE = YES_ERROR;
				CLANG_WARN_EMPTY_BODY = YES;
				CLANG_WARN_ENUM_CONVERSION = YES;
				CLANG_WARN_INT_CONVERSION = YES;
				CLANG_WARN_OBJC_ROOT_CLASS = YES_ERROR;
				CLANG_WARN_UNREACHABLE_CODE = YES;
				CLANG_WARN__DUPLICATE_METHOD_MATCH = YES;
				"CODE_SIGN_IDENTITY[sdk=iphoneos*]" = "iPhone Developer";
				COPY_PHASE_STRIP = NO;
				DEBUG_INFORMATION_FORMAT = "dwarf-with-dsym";
				ENABLE_NS_ASSERTIONS = NO;
				ENABLE_STRICT_OBJC_MSGSEND = YES;
				GCC_C_LANGUAGE_STANDARD = gnu99;
				GCC_NO_COMMON_BLOCKS = YES;
				GCC_WARN_64_TO_32_BIT_CONVERSION = YES;
				GCC_WARN_ABOUT_RETURN_TYPE = YES_ERROR;
				GCC_WARN_UNDECLARED_SELECTOR = YES;
				GCC_WARN_UNINITIALIZED_AUTOS = YES_AGGRESSIVE;
				GCC_WARN_UNUSED_FUNCTION = YES;
				GCC_WARN_UNUSED_VARIABLE = YES;
				IPHONEOS_DEPLOYMENT_TARGET = 9.1;
				MTL_ENABLE_DEBUG_INFO = NO;
				SDKROOT = iphoneos;
				VALIDATE_PRODUCT = YES;
			};
			name = Release;
		};
		6BBE76331BF45F7800F28180 /* Debug */ = {
			isa = XCBuildConfiguration;
			buildSettings = {
				ASSETCATALOG_COMPILER_APPICON_NAME = AppIcon;
				INFOPLIST_FILE = "project10-oisin/Info.plist";
				LD_RUNPATH_SEARCH_PATHS = "$(inherited) @executable_path/Frameworks";
				PRODUCT_BUNDLE_IDENTIFIER = "com.google.com.project10-oisin";
				PRODUCT_NAME = "$(TARGET_NAME)";
				TARGETED_DEVICE_FAMILY = 2;
			};
			name = Debug;
		};
		6BBE76341BF45F7800F28180 /* Release */ = {
			isa = XCBuildConfiguration;
			buildSettings = {
				ASSETCATALOG_COMPILER_APPICON_NAME = AppIcon;
				INFOPLIST_FILE = "project10-oisin/Info.plist";
				LD_RUNPATH_SEARCH_PATHS = "$(inherited) @executable_path/Frameworks";
				PRODUCT_BUNDLE_IDENTIFIER = "com.google.com.project10-oisin";
				PRODUCT_NAME = "$(TARGET_NAME)";
				TARGETED_DEVICE_FAMILY = 2;
			};
			name = Release;
		};
/* End XCBuildConfiguration section */

/* Begin XCConfigurationList section */
		6BBE761B1BF45F7800F28180 /* Build configuration list for PBXProject "project10-oisin" */ = {
			isa = XCConfigurationList;
			buildConfigurations = (
				6BBE76301BF45F7800F28180 /* Debug */,
				6BBE76311BF45F7800F28180 /* Release */,
			);
			defaultConfigurationIsVisible = 0;
			defaultConfigurationName = Release;
		};
		6BBE76321BF45F7800F28180 /* Build configuration list for PBXNativeTarget "project10-oisin" */ = {
			isa = XCConfigurationList;
			buildConfigurations = (
				6BBE76331BF45F7800F28180 /* Debug */,
				6BBE76341BF45F7800F28180 /* Release */,
			);
			defaultConfigurationIsVisible = 0;
			defaultConfigurationName = Release;
		};
/* End XCConfigurationList section */
	};
	rootObject = 6BBE76181BF45F7800F28180 /* Project object */;
}
