// !$*UTF8*$!
{
	archiveVersion = 1;
	classes = {
	};
	objectVersion = 46;
	objects = {

/* Begin PBXBuildFile section */
		6BA8FABC1BCB5313007AFF9A /* AppDelegate.swift in Sources */ = {isa = PBXBuildFile; fileRef = 6BA8FABB1BCB5313007AFF9A /* AppDelegate.swift */; };
		6BA8FABE1BCB5313007AFF9A /* ViewController.swift in Sources */ = {isa = PBXBuildFile; fileRef = 6BA8FABD1BCB5313007AFF9A /* ViewController.swift */; };
		6BA8FAC11BCB5313007AFF9A /* Main.storyboard in Resources */ = {isa = PBXBuildFile; fileRef = 6BA8FABF1BCB5313007AFF9A /* Main.storyboard */; };
		6BA8FAC31BCB5313007AFF9A /* Assets.xcassets in Resources */ = {isa = PBXBuildFile; fileRef = 6BA8FAC21BCB5313007AFF9A /* Assets.xcassets */; };
		6BA8FAC61BCB5313007AFF9A /* LaunchScreen.storyboard in Resources */ = {isa = PBXBuildFile; fileRef = 6BA8FAC41BCB5313007AFF9A /* LaunchScreen.storyboard */; };
		6BA8FACF1BCBFC3E007AFF9A /* level1.txt in Resources */ = {isa = PBXBuildFile; fileRef = 6BA8FACD1BCBFC3E007AFF9A /* level1.txt */; };
		6BA8FAD01BCBFC3E007AFF9A /* level2.txt in Resources */ = {isa = PBXBuildFile; fileRef = 6BA8FACE1BCBFC3E007AFF9A /* level2.txt */; };
/* End PBXBuildFile section */

/* Begin PBXFileReference section */
		6BA8FAB81BCB5313007AFF9A /* project8-oisin.app */ = {isa = PBXFileReference; explicitFileType = wrapper.application; includeInIndex = 0; path = "project8-oisin.app"; sourceTree = BUILT_PRODUCTS_DIR; };
		6BA8FABB1BCB5313007AFF9A /* AppDelegate.swift */ = {isa = PBXFileReference; lastKnownFileType = sourcecode.swift; path = AppDelegate.swift; sourceTree = "<group>"; };
		6BA8FABD1BCB5313007AFF9A /* ViewController.swift */ = {isa = PBXFileReference; lastKnownFileType = sourcecode.swift; path = ViewController.swift; sourceTree = "<group>"; };
		6BA8FAC01BCB5313007AFF9A /* Base */ = {isa = PBXFileReference; lastKnownFileType = file.storyboard; name = Base; path = Base.lproj/Main.storyboard; sourceTree = "<group>"; };
		6BA8FAC21BCB5313007AFF9A /* Assets.xcassets */ = {isa = PBXFileReference; lastKnownFileType = folder.assetcatalog; path = Assets.xcassets; sourceTree = "<group>"; };
		6BA8FAC51BCB5313007AFF9A /* Base */ = {isa = PBXFileReference; lastKnownFileType = file.storyboard; name = Base; path = Base.lproj/LaunchScreen.storyboard; sourceTree = "<group>"; };
		6BA8FAC71BCB5313007AFF9A /* Info.plist */ = {isa = PBXFileReference; lastKnownFileType = text.plist.xml; path = Info.plist; sourceTree = "<group>"; };
		6BA8FACD1BCBFC3E007AFF9A /* level1.txt */ = {isa = PBXFileReference; fileEncoding = 4; lastKnownFileType = text; path = level1.txt; sourceTree = "<group>"; };
		6BA8FACE1BCBFC3E007AFF9A /* level2.txt */ = {isa = PBXFileReference; fileEncoding = 4; lastKnownFileType = text; path = level2.txt; sourceTree = "<group>"; };
/* End PBXFileReference section */

/* Begin PBXFrameworksBuildPhase section */
		6BA8FAB51BCB5313007AFF9A /* Frameworks */ = {
			isa = PBXFrameworksBuildPhase;
			buildActionMask = 2147483647;
			files = (
			);
			runOnlyForDeploymentPostprocessing = 0;
		};
/* End PBXFrameworksBuildPhase section */

/* Begin PBXGroup section */
		6BA8FAAF1BCB5313007AFF9A = {
			isa = PBXGroup;
			children = (
				6BA8FABA1BCB5313007AFF9A /* project8-oisin */,
				6BA8FAB91BCB5313007AFF9A /* Products */,
			);
			sourceTree = "<group>";
		};
		6BA8FAB91BCB5313007AFF9A /* Products */ = {
			isa = PBXGroup;
			children = (
				6BA8FAB81BCB5313007AFF9A /* project8-oisin.app */,
			);
			name = Products;
			sourceTree = "<group>";
		};
		6BA8FABA1BCB5313007AFF9A /* project8-oisin */ = {
			isa = PBXGroup;
			children = (
				6BA8FABB1BCB5313007AFF9A /* AppDelegate.swift */,
				6BA8FABD1BCB5313007AFF9A /* ViewController.swift */,
				6BA8FABF1BCB5313007AFF9A /* Main.storyboard */,
				6BA8FAC21BCB5313007AFF9A /* Assets.xcassets */,
				6BA8FAC41BCB5313007AFF9A /* LaunchScreen.storyboard */,
				6BA8FAC71BCB5313007AFF9A /* Info.plist */,
				6BA8FACD1BCBFC3E007AFF9A /* level1.txt */,
				6BA8FACE1BCBFC3E007AFF9A /* level2.txt */,
			);
			path = "project8-oisin";
			sourceTree = "<group>";
		};
/* End PBXGroup section */

/* Begin PBXNativeTarget section */
		6BA8FAB71BCB5313007AFF9A /* project8-oisin */ = {
			isa = PBXNativeTarget;
			buildConfigurationList = 6BA8FACA1BCB5313007AFF9A /* Build configuration list for PBXNativeTarget "project8-oisin" */;
			buildPhases = (
				6BA8FAB41BCB5313007AFF9A /* Sources */,
				6BA8FAB51BCB5313007AFF9A /* Frameworks */,
				6BA8FAB61BCB5313007AFF9A /* Resources */,
			);
			buildRules = (
			);
			dependencies = (
			);
			name = "project8-oisin";
			productName = "project8-oisin";
			productReference = 6BA8FAB81BCB5313007AFF9A /* project8-oisin.app */;
			productType = "com.apple.product-type.application";
		};
/* End PBXNativeTarget section */

/* Begin PBXProject section */
		6BA8FAB01BCB5313007AFF9A /* Project object */ = {
			isa = PBXProject;
			attributes = {
				LastUpgradeCheck = 0710;
				ORGANIZATIONNAME = "Oisín Lavery";
				TargetAttributes = {
					6BA8FAB71BCB5313007AFF9A = {
						CreatedOnToolsVersion = 7.1;
					};
				};
			};
			buildConfigurationList = 6BA8FAB31BCB5313007AFF9A /* Build configuration list for PBXProject "project8-oisin" */;
			compatibilityVersion = "Xcode 3.2";
			developmentRegion = English;
			hasScannedForEncodings = 0;
			knownRegions = (
				en,
				Base,
			);
			mainGroup = 6BA8FAAF1BCB5313007AFF9A;
			productRefGroup = 6BA8FAB91BCB5313007AFF9A /* Products */;
			projectDirPath = "";
			projectRoot = "";
			targets = (
				6BA8FAB71BCB5313007AFF9A /* project8-oisin */,
			);
		};
/* End PBXProject section */

/* Begin PBXResourcesBuildPhase section */
		6BA8FAB61BCB5313007AFF9A /* Resources */ = {
			isa = PBXResourcesBuildPhase;
			buildActionMask = 2147483647;
			files = (
				6BA8FAD01BCBFC3E007AFF9A /* level2.txt in Resources */,
				6BA8FAC61BCB5313007AFF9A /* LaunchScreen.storyboard in Resources */,
				6BA8FACF1BCBFC3E007AFF9A /* level1.txt in Resources */,
				6BA8FAC31BCB5313007AFF9A /* Assets.xcassets in Resources */,
				6BA8FAC11BCB5313007AFF9A /* Main.storyboard in Resources */,
			);
			runOnlyForDeploymentPostprocessing = 0;
		};
/* End PBXResourcesBuildPhase section */

/* Begin PBXSourcesBuildPhase section */
		6BA8FAB41BCB5313007AFF9A /* Sources */ = {
			isa = PBXSourcesBuildPhase;
			buildActionMask = 2147483647;
			files = (
				6BA8FABE1BCB5313007AFF9A /* ViewController.swift in Sources */,
				6BA8FABC1BCB5313007AFF9A /* AppDelegate.swift in Sources */,
			);
			runOnlyForDeploymentPostprocessing = 0;
		};
/* End PBXSourcesBuildPhase section */

/* Begin PBXVariantGroup section */
		6BA8FABF1BCB5313007AFF9A /* Main.storyboard */ = {
			isa = PBXVariantGroup;
			children = (
				6BA8FAC01BCB5313007AFF9A /* Base */,
			);
			name = Main.storyboard;
			sourceTree = "<group>";
		};
		6BA8FAC41BCB5313007AFF9A /* LaunchScreen.storyboard */ = {
			isa = PBXVariantGroup;
			children = (
				6BA8FAC51BCB5313007AFF9A /* Base */,
			);
			name = LaunchScreen.storyboard;
			sourceTree = "<group>";
		};
/* End PBXVariantGroup section */

/* Begin XCBuildConfiguration section */
		6BA8FAC81BCB5313007AFF9A /* Debug */ = {
			isa = XCBuildConfiguration;
			buildSettings = {
				ALWAYS_SEARCH_USER_PATHS = NO;
				CLANG_CXX_LANGUAGE_STANDARD = "gnu++0x";
				CLANG_CXX_LIBRARY = "libc++";
				CLANG_ENABLE_MODULES = YES;
				CLANG_ENABLE_OBJC_ARC = YES;
				CLANG_WARN_BOOL_CONVERSION = YES;
				CLANG_WARN_CONSTANT_CONVERSION = YES;
				CLANG_WARN_DIRECT_OBJC_ISA_USAGE = YES_ERROR;
				CLANG_WARN_EMPTY_BODY = YES;
				CLANG_WARN_ENUM_CONVERSION = YES;
				CLANG_WARN_INT_CONVERSION = YES;
				CLANG_WARN_OBJC_ROOT_CLASS = YES_ERROR;
				CLANG_WARN_UNREACHABLE_CODE = YES;
				CLANG_WARN__DUPLICATE_METHOD_MATCH = YES;
				"CODE_SIGN_IDENTITY[sdk=iphoneos*]" = "iPhone Developer";
				COPY_PHASE_STRIP = NO;
				DEBUG_INFORMATION_FORMAT = dwarf;
				ENABLE_STRICT_OBJC_MSGSEND = YES;
				ENABLE_TESTABILITY = YES;
				GCC_C_LANGUAGE_STANDARD = gnu99;
				GCC_DYNAMIC_NO_PIC = NO;
				GCC_NO_COMMON_BLOCKS = YES;
				GCC_OPTIMIZATION_LEVEL = 0;
				GCC_PREPROCESSOR_DEFINITIONS = (
					"DEBUG=1",
					"$(inherited)",
				);
				GCC_WARN_64_TO_32_BIT_CONVERSION = YES;
				GCC_WARN_ABOUT_RETURN_TYPE = YES_ERROR;
				GCC_WARN_UNDECLARED_SELECTOR = YES;
				GCC_WARN_UNINITIALIZED_AUTOS = YES_AGGRESSIVE;
				GCC_WARN_UNUSED_FUNCTION = YES;
				GCC_WARN_UNUSED_VARIABLE = YES;
				IPHONEOS_DEPLOYMENT_TARGET = 9.1;
				MTL_ENABLE_DEBUG_INFO = YES;
				ONLY_ACTIVE_ARCH = YES;
				SDKROOT = iphoneos;
				SWIFT_OPTIMIZATION_LEVEL = "-Onone";
				TARGETED_DEVICE_FAMILY = 2;
			};
			name = Debug;
		};
		6BA8FAC91BCB5313007AFF9A /* Release */ = {
			isa = XCBuildConfiguration;
			buildSettings = {
				ALWAYS_SEARCH_USER_PATHS = NO;
				CLANG_CXX_LANGUAGE_STANDARD = "gnu++0x";
				CLANG_CXX_LIBRARY = "libc++";
				CLANG_ENABLE_MODULES = YES;
				CLANG_ENABLE_OBJC_ARC = YES;
				CLANG_WARN_BOOL_CONVERSION = YES;
				CLANG_WARN_CONSTANT_CONVERSION = YES;
				CLANG_WARN_DIRECT_OBJC_ISA_USAGE = YES_ERROR;
				CLANG_WARN_EMPTY_BODY = YES;
				CLANG_WARN_ENUM_CONVERSION = YES;
				CLANG_WARN_INT_CONVERSION = YES;
				CLANG_WARN_OBJC_ROOT_CLASS = YES_ERROR;
				CLANG_WARN_UNREACHABLE_CODE = YES;
				CLANG_WARN__DUPLICATE_METHOD_MATCH = YES;
				"CODE_SIGN_IDENTITY[sdk=iphoneos*]" = "iPhone Developer";
				COPY_PHASE_STRIP = NO;
				DEBUG_INFORMATION_FORMAT = "dwarf-with-dsym";
				ENABLE_NS_ASSERTIONS = NO;
				ENABLE_STRICT_OBJC_MSGSEND = YES;
				GCC_C_LANGUAGE_STANDARD = gnu99;
				GCC_NO_COMMON_BLOCKS = YES;
				GCC_WARN_64_TO_32_BIT_CONVERSION = YES;
				GCC_WARN_ABOUT_RETURN_TYPE = YES_ERROR;
				GCC_WARN_UNDECLARED_SELECTOR = YES;
				GCC_WARN_UNINITIALIZED_AUTOS = YES_AGGRESSIVE;
				GCC_WARN_UNUSED_FUNCTION = YES;
				GCC_WARN_UNUSED_VARIABLE = YES;
				IPHONEOS_DEPLOYMENT_TARGET = 9.1;
				MTL_ENABLE_DEBUG_INFO = NO;
				SDKROOT = iphoneos;
				TARGETED_DEVICE_FAMILY = 2;
				VALIDATE_PRODUCT = YES;
			};
			name = Release;
		};
		6BA8FACB1BCB5313007AFF9A /* Debug */ = {
			isa = XCBuildConfiguration;
			buildSettings = {
				ASSETCATALOG_COMPILER_APPICON_NAME = AppIcon;
				INFOPLIST_FILE = "project8-oisin/Info.plist";
				LD_RUNPATH_SEARCH_PATHS = "$(inherited) @executable_path/Frameworks";
				PRODUCT_BUNDLE_IDENTIFIER = "com.google.com.project8-oisin";
				PRODUCT_NAME = "$(TARGET_NAME)";
			};
			name = Debug;
		};
		6BA8FACC1BCB5313007AFF9A /* Release */ = {
			isa = XCBuildConfiguration;
			buildSettings = {
				ASSETCATALOG_COMPILER_APPICON_NAME = AppIcon;
				INFOPLIST_FILE = "project8-oisin/Info.plist";
				LD_RUNPATH_SEARCH_PATHS = "$(inherited) @executable_path/Frameworks";
				PRODUCT_BUNDLE_IDENTIFIER = "com.google.com.project8-oisin";
				PRODUCT_NAME = "$(TARGET_NAME)";
			};
			name = Release;
		};
/* End XCBuildConfiguration section */

/* Begin XCConfigurationList section */
		6BA8FAB31BCB5313007AFF9A /* Build configuration list for PBXProject "project8-oisin" */ = {
			isa = XCConfigurationList;
			buildConfigurations = (
				6BA8FAC81BCB5313007AFF9A /* Debug */,
				6BA8FAC91BCB5313007AFF9A /* Release */,
			);
			defaultConfigurationIsVisible = 0;
			defaultConfigurationName = Release;
		};
		6BA8FACA1BCB5313007AFF9A /* Build configuration list for PBXNativeTarget "project8-oisin" */ = {
			isa = XCConfigurationList;
			buildConfigurations = (
				6BA8FACB1BCB5313007AFF9A /* Debug */,
				6BA8FACC1BCB5313007AFF9A /* Release */,
			);
			defaultConfigurationIsVisible = 0;
		};
/* End XCConfigurationList section */
	};
	rootObject = 6BA8FAB01BCB5313007AFF9A /* Project object */;
}
