// !$*UTF8*$!
{
	archiveVersion = 1;
	classes = {
	};
	objectVersion = 46;
	objects = {

/* Begin PBXBuildFile section */
		6B5E5B4C1BC1805B0042467D /* AppDelegate.swift in Sources */ = {isa = PBXBuildFile; fileRef = 6B5E5B4B1BC1805B0042467D /* AppDelegate.swift */; };
		6B5E5B4E1BC1805B0042467D /* ViewController.swift in Sources */ = {isa = PBXBuildFile; fileRef = 6B5E5B4D1BC1805B0042467D /* ViewController.swift */; };
		6B5E5B511BC1805B0042467D /* Main.storyboard in Resources */ = {isa = PBXBuildFile; fileRef = 6B5E5B4F1BC1805B0042467D /* Main.storyboard */; };
		6B5E5B531BC1805B0042467D /* Assets.xcassets in Resources */ = {isa = PBXBuildFile; fileRef = 6B5E5B521BC1805B0042467D /* Assets.xcassets */; };
		6B5E5B561BC1805B0042467D /* LaunchScreen.storyboard in Resources */ = {isa = PBXBuildFile; fileRef = 6B5E5B541BC1805B0042467D /* LaunchScreen.storyboard */; };
/* End PBXBuildFile section */

/* Begin PBXFileReference section */
		6B5E5B481BC1805B0042467D /* project6b-oisin.app */ = {isa = PBXFileReference; explicitFileType = wrapper.application; includeInIndex = 0; path = "project6b-oisin.app"; sourceTree = BUILT_PRODUCTS_DIR; };
		6B5E5B4B1BC1805B0042467D /* AppDelegate.swift */ = {isa = PBXFileReference; lastKnownFileType = sourcecode.swift; path = AppDelegate.swift; sourceTree = "<group>"; };
		6B5E5B4D1BC1805B0042467D /* ViewController.swift */ = {isa = PBXFileReference; lastKnownFileType = sourcecode.swift; path = ViewController.swift; sourceTree = "<group>"; };
		6B5E5B501BC1805B0042467D /* Base */ = {isa = PBXFileReference; lastKnownFileType = file.storyboard; name = Base; path = Base.lproj/Main.storyboard; sourceTree = "<group>"; };
		6B5E5B521BC1805B0042467D /* Assets.xcassets */ = {isa = PBXFileReference; lastKnownFileType = folder.assetcatalog; path = Assets.xcassets; sourceTree = "<group>"; };
		6B5E5B551BC1805B0042467D /* Base */ = {isa = PBXFileReference; lastKnownFileType = file.storyboard; name = Base; path = Base.lproj/LaunchScreen.storyboard; sourceTree = "<group>"; };
		6B5E5B571BC1805B0042467D /* Info.plist */ = {isa = PBXFileReference; lastKnownFileType = text.plist.xml; path = Info.plist; sourceTree = "<group>"; };
/* End PBXFileReference section */

/* Begin PBXFrameworksBuildPhase section */
		6B5E5B451BC1805B0042467D /* Frameworks */ = {
			isa = PBXFrameworksBuildPhase;
			buildActionMask = 2147483647;
			files = (
			);
			runOnlyForDeploymentPostprocessing = 0;
		};
/* End PBXFrameworksBuildPhase section */

/* Begin PBXGroup section */
		6B5E5B3F1BC1805B0042467D = {
			isa = PBXGroup;
			children = (
				6B5E5B4A1BC1805B0042467D /* project6b-oisin */,
				6B5E5B491BC1805B0042467D /* Products */,
			);
			sourceTree = "<group>";
		};
		6B5E5B491BC1805B0042467D /* Products */ = {
			isa = PBXGroup;
			children = (
				6B5E5B481BC1805B0042467D /* project6b-oisin.app */,
			);
			name = Products;
			sourceTree = "<group>";
		};
		6B5E5B4A1BC1805B0042467D /* project6b-oisin */ = {
			isa = PBXGroup;
			children = (
				6B5E5B4B1BC1805B0042467D /* AppDelegate.swift */,
				6B5E5B4D1BC1805B0042467D /* ViewController.swift */,
				6B5E5B4F1BC1805B0042467D /* Main.storyboard */,
				6B5E5B521BC1805B0042467D /* Assets.xcassets */,
				6B5E5B541BC1805B0042467D /* LaunchScreen.storyboard */,
				6B5E5B571BC1805B0042467D /* Info.plist */,
			);
			path = "project6b-oisin";
			sourceTree = "<group>";
		};
/* End PBXGroup section */

/* Begin PBXNativeTarget section */
		6B5E5B471BC1805B0042467D /* project6b-oisin */ = {
			isa = PBXNativeTarget;
			buildConfigurationList = 6B5E5B5A1BC1805B0042467D /* Build configuration list for PBXNativeTarget "project6b-oisin" */;
			buildPhases = (
				6B5E5B441BC1805B0042467D /* Sources */,
				6B5E5B451BC1805B0042467D /* Frameworks */,
				6B5E5B461BC1805B0042467D /* Resources */,
			);
			buildRules = (
			);
			dependencies = (
			);
			name = "project6b-oisin";
			productName = "project6b-oisin";
			productReference = 6B5E5B481BC1805B0042467D /* project6b-oisin.app */;
			productType = "com.apple.product-type.application";
		};
/* End PBXNativeTarget section */

/* Begin PBXProject section */
		6B5E5B401BC1805B0042467D /* Project object */ = {
			isa = PBXProject;
			attributes = {
				LastUpgradeCheck = 0710;
				ORGANIZATIONNAME = "Oisín Lavery";
				TargetAttributes = {
					6B5E5B471BC1805B0042467D = {
						CreatedOnToolsVersion = 7.1;
					};
				};
			};
			buildConfigurationList = 6B5E5B431BC1805B0042467D /* Build configuration list for PBXProject "project6b-oisin" */;
			compatibilityVersion = "Xcode 3.2";
			developmentRegion = English;
			hasScannedForEncodings = 0;
			knownRegions = (
				en,
				Base,
			);
			mainGroup = 6B5E5B3F1BC1805B0042467D;
			productRefGroup = 6B5E5B491BC1805B0042467D /* Products */;
			projectDirPath = "";
			projectRoot = "";
			targets = (
				6B5E5B471BC1805B0042467D /* project6b-oisin */,
			);
		};
/* End PBXProject section */

/* Begin PBXResourcesBuildPhase section */
		6B5E5B461BC1805B0042467D /* Resources */ = {
			isa = PBXResourcesBuildPhase;
			buildActionMask = 2147483647;
			files = (
				6B5E5B561BC1805B0042467D /* LaunchScreen.storyboard in Resources */,
				6B5E5B531BC1805B0042467D /* Assets.xcassets in Resources */,
				6B5E5B511BC1805B0042467D /* Main.storyboard in Resources */,
			);
			runOnlyForDeploymentPostprocessing = 0;
		};
/* End PBXResourcesBuildPhase section */

/* Begin PBXSourcesBuildPhase section */
		6B5E5B441BC1805B0042467D /* Sources */ = {
			isa = PBXSourcesBuildPhase;
			buildActionMask = 2147483647;
			files = (
				6B5E5B4E1BC1805B0042467D /* ViewController.swift in Sources */,
				6B5E5B4C1BC1805B0042467D /* AppDelegate.swift in Sources */,
			);
			runOnlyForDeploymentPostprocessing = 0;
		};
/* End PBXSourcesBuildPhase section */

/* Begin PBXVariantGroup section */
		6B5E5B4F1BC1805B0042467D /* Main.storyboard */ = {
			isa = PBXVariantGroup;
			children = (
				6B5E5B501BC1805B0042467D /* Base */,
			);
			name = Main.storyboard;
			sourceTree = "<group>";
		};
		6B5E5B541BC1805B0042467D /* LaunchScreen.storyboard */ = {
			isa = PBXVariantGroup;
			children = (
				6B5E5B551BC1805B0042467D /* Base */,
			);
			name = LaunchScreen.storyboard;
			sourceTree = "<group>";
		};
/* End PBXVariantGroup section */

/* Begin XCBuildConfiguration section */
		6B5E5B581BC1805B0042467D /* Debug */ = {
			isa = XCBuildConfiguration;
			buildSettings = {
				ALWAYS_SEARCH_USER_PATHS = NO;
				CLANG_CXX_LANGUAGE_STANDARD = "gnu++0x";
				CLANG_CXX_LIBRARY = "libc++";
				CLANG_ENABLE_MODULES = YES;
				CLANG_ENABLE_OBJC_ARC = YES;
				CLANG_WARN_BOOL_CONVERSION = YES;
				CLANG_WARN_CONSTANT_CONVERSION = YES;
				CLANG_WARN_DIRECT_OBJC_ISA_USAGE = YES_ERROR;
				CLANG_WARN_EMPTY_BODY = YES;
				CLANG_WARN_ENUM_CONVERSION = YES;
				CLANG_WARN_INT_CONVERSION = YES;
				CLANG_WARN_OBJC_ROOT_CLASS = YES_ERROR;
				CLANG_WARN_UNREACHABLE_CODE = YES;
				CLANG_WARN__DUPLICATE_METHOD_MATCH = YES;
				"CODE_SIGN_IDENTITY[sdk=iphoneos*]" = "iPhone Developer";
				COPY_PHASE_STRIP = NO;
				DEBUG_INFORMATION_FORMAT = dwarf;
				ENABLE_STRICT_OBJC_MSGSEND = YES;
				ENABLE_TESTABILITY = YES;
				GCC_C_LANGUAGE_STANDARD = gnu99;
				GCC_DYNAMIC_NO_PIC = NO;
				GCC_NO_COMMON_BLOCKS = YES;
				GCC_OPTIMIZATION_LEVEL = 0;
				GCC_PREPROCESSOR_DEFINITIONS = (
					"DEBUG=1",
					"$(inherited)",
				);
				GCC_WARN_64_TO_32_BIT_CONVERSION = YES;
				GCC_WARN_ABOUT_RETURN_TYPE = YES_ERROR;
				GCC_WARN_UNDECLARED_SELECTOR = YES;
				GCC_WARN_UNINITIALIZED_AUTOS = YES_AGGRESSIVE;
				GCC_WARN_UNUSED_FUNCTION = YES;
				GCC_WARN_UNUSED_VARIABLE = YES;
				IPHONEOS_DEPLOYMENT_TARGET = 9.1;
				MTL_ENABLE_DEBUG_INFO = YES;
				ONLY_ACTIVE_ARCH = YES;
				SDKROOT = iphoneos;
				SWIFT_OPTIMIZATION_LEVEL = "-Onone";
			};
			name = Debug;
		};
		6B5E5B591BC1805B0042467D /* Release */ = {
			isa = XCBuildConfiguration;
			buildSettings = {
				ALWAYS_SEARCH_USER_PATHS = NO;
				CLANG_CXX_LANGUAGE_STANDARD = "gnu++0x";
				CLANG_CXX_LIBRARY = "libc++";
				CLANG_ENABLE_MODULES = YES;
				CLANG_ENABLE_OBJC_ARC = YES;
				CLANG_WARN_BOOL_CONVERSION = YES;
				CLANG_WARN_CONSTANT_CONVERSION = YES;
				CLANG_WARN_DIRECT_OBJC_ISA_USAGE = YES_ERROR;
				CLANG_WARN_EMPTY_BODY = YES;
				CLANG_WARN_ENUM_CONVERSION = YES;
				CLANG_WARN_INT_CONVERSION = YES;
				CLANG_WARN_OBJC_ROOT_CLASS = YES_ERROR;
				CLANG_WARN_UNREACHABLE_CODE = YES;
				CLANG_WARN__DUPLICATE_METHOD_MATCH = YES;
				"CODE_SIGN_IDENTITY[sdk=iphoneos*]" = "iPhone Developer";
				COPY_PHASE_STRIP = NO;
				DEBUG_INFORMATION_FORMAT = "dwarf-with-dsym";
				ENABLE_NS_ASSERTIONS = NO;
				ENABLE_STRICT_OBJC_MSGSEND = YES;
				GCC_C_LANGUAGE_STANDARD = gnu99;
				GCC_NO_COMMON_BLOCKS = YES;
				GCC_WARN_64_TO_32_BIT_CONVERSION = YES;
				GCC_WARN_ABOUT_RETURN_TYPE = YES_ERROR;
				GCC_WARN_UNDECLARED_SELECTOR = YES;
				GCC_WARN_UNINITIALIZED_AUTOS = YES_AGGRESSIVE;
				GCC_WARN_UNUSED_FUNCTION = YES;
				GCC_WARN_UNUSED_VARIABLE = YES;
				IPHONEOS_DEPLOYMENT_TARGET = 9.1;
				MTL_ENABLE_DEBUG_INFO = NO;
				SDKROOT = iphoneos;
				VALIDATE_PRODUCT = YES;
			};
			name = Release;
		};
		6B5E5B5B1BC1805B0042467D /* Debug */ = {
			isa = XCBuildConfiguration;
			buildSettings = {
				ASSETCATALOG_COMPILER_APPICON_NAME = AppIcon;
				INFOPLIST_FILE = "project6b-oisin/Info.plist";
				LD_RUNPATH_SEARCH_PATHS = "$(inherited) @executable_path/Frameworks";
				PRODUCT_BUNDLE_IDENTIFIER = "com.google.com.project6b-oisin";
				PRODUCT_NAME = "$(TARGET_NAME)";
			};
			name = Debug;
		};
		6B5E5B5C1BC1805B0042467D /* Release */ = {
			isa = XCBuildConfiguration;
			buildSettings = {
				ASSETCATALOG_COMPILER_APPICON_NAME = AppIcon;
				INFOPLIST_FILE = "project6b-oisin/Info.plist";
				LD_RUNPATH_SEARCH_PATHS = "$(inherited) @executable_path/Frameworks";
				PRODUCT_BUNDLE_IDENTIFIER = "com.google.com.project6b-oisin";
				PRODUCT_NAME = "$(TARGET_NAME)";
			};
			name = Release;
		};
/* End XCBuildConfiguration section */

/* Begin XCConfigurationList section */
		6B5E5B431BC1805B0042467D /* Build configuration list for PBXProject "project6b-oisin" */ = {
			isa = XCConfigurationList;
			buildConfigurations = (
				6B5E5B581BC1805B0042467D /* Debug */,
				6B5E5B591BC1805B0042467D /* Release */,
			);
			defaultConfigurationIsVisible = 0;
			defaultConfigurationName = Release;
		};
		6B5E5B5A1BC1805B0042467D /* Build configuration list for PBXNativeTarget "project6b-oisin" */ = {
			isa = XCConfigurationList;
			buildConfigurations = (
				6B5E5B5B1BC1805B0042467D /* Debug */,
				6B5E5B5C1BC1805B0042467D /* Release */,
			);
			defaultConfigurationIsVisible = 0;
		};
/* End XCConfigurationList section */
	};
	rootObject = 6B5E5B401BC1805B0042467D /* Project object */;
}
